# THIS IS AN AUTOGENERATED FILE. DO NOT EDIT THIS FILE DIRECTLY.
# yarn lockfile v1


"@types/node@^16.4.3":
  version "16.4.3"
  resolved "https://registry.yarnpkg.com/@types/node/-/node-16.4.3.tgz#c01c1a215721f6dec71b47d88b4687463601ba48"
  integrity sha512-GKM4FLMkWDc0sfx7tXqPWkM6NBow1kge0fgQh0bOnlqo4iT1kvTvMEKE0c1RtUGnbLlGRXiAA8SumE//90uKAg==

"@vercel/ncc@^0.29.0":
  version "0.29.0"
  resolved "https://registry.yarnpkg.com/@vercel/ncc/-/ncc-0.29.0.tgz#ac23fc23f1593b05c72360108bcf6d849d2f317a"
  integrity sha512-p+sB835wOSDdgm2mgFgSOcXJF84AqZ+vBEnnGS0sm8veA92Hia7sqH0qEnqeFilPl+cXtxbdh2er+WdlfbVCZA==

lookpath@1.2.2:
  version "1.2.2"
  resolved "https://registry.yarnpkg.com/lookpath/-/lookpath-1.2.2.tgz#bddcd1440b6643e07495138376d43aed38bcd454"
  integrity sha512-k2Gmn8iV6qdME3ztZC2spubmQISimFOPLuQKiPaLcVdRz0IpdxrNClVepMlyTJlhodm/zG/VfbkWERm3kUIh+Q==

typescript@^4.3.5:
  version "4.3.5"
  resolved "https://registry.yarnpkg.com/typescript/-/typescript-4.3.5.tgz#4d1c37cc16e893973c45a06886b7113234f119f4"
  integrity sha512-DqQgihaQ9cUrskJo9kIyW/+g0Vxsk8cDtZ52a3NGh0YNTfpUSArXSohyUGnvbPazEPLu398C0UxmKSOrPumUzA==
